<?xml version="1.0" encoding="utf-8"?>
<Project ToolsVersion="4.0" xmlns="http://schemas.microsoft.com/developer/msbuild/2003">
  <ItemGroup>
    <Filter Include="Source Files">
      <UniqueIdentifier>{4FC737F1-C7A5-4376-A066-2A32D752A2FF}</UniqueIdentifier>
      <Extensions>cpp;c;cc;cxx;def;odl;idl;hpj;bat;asm;asmx</Extensions>
    </Filter>
    <Filter Include="Header Files">
      <UniqueIdentifier>{93995380-89BD-4b04-88EB-625FBE52EBFB}</UniqueIdentifier>
      <Extensions>h;hh;hpp;hxx;hm;inl;inc;ipp;xsd</Extensions>
    </Filter>
    <Filter Include="Resource Files">
      <UniqueIdentifier>{67DA6AB6-F800-4c08-8B7A-83BB121AAD01}</UniqueIdentifier>
      <Extensions>rc;ico;cur;bmp;dlg;rc2;rct;bin;rgs;gif;jpg;jpeg;jpe;resx;tiff;tif;png;wav;mfcribbon-ms</Extensions>
    </Filter>
    <Filter Include="Source Files\src">
      <UniqueIdentifier>{29f1a2e5-97a0-4802-b4b0-debf598b9dd0}</UniqueIdentifier>
    </Filter>
    <Filter Include="Source Files\src\duk">
      <UniqueIdentifier>{98f030a5-57a7-4d36-b8e6-79122c8ebce0}</UniqueIdentifier>
    </Filter>
    <Filter Include="Source Files\src\app-context">
      <UniqueIdentifier>{c71aff5b-baf9-468a-a6f0-992df6e5471b}</UniqueIdentifier>
    </Filter>
    <Filter Include="Source Files\src\Engine">
      <UniqueIdentifier>{8b05abe2-012a-4141-9b36-31ef0d75bf9f}</UniqueIdentifier>
    </Filter>
  </ItemGroup>
  <ItemGroup>
    <ClCompile Include="src\bad-bits.cpp">
      <Filter>Source Files\src</Filter>
    </ClCompile>
    <ClCompile Include="src\duk\duktape.cpp">
      <Filter>Source Files\src\duk</Filter>
    </ClCompile>
    <ClCompile Include="src\app-context\app-context.cpp">
      <Filter>Source Files\src\app-context</Filter>
    </ClCompile>
    <ClCompile Include="src\engine-hooks\engine-hooks.cpp">
      <Filter>Source Files\src\Engine</Filter>
    </ClCompile>
  </ItemGroup>
  <ItemGroup>
    <CopyFileToFolders Include="libs\SDL2-2.0.12\lib\x86\SDL2.dll" />
  </ItemGroup>
  <ItemGroup>
    <ClInclude Include="EngineHooks.h">
      <Filter>Header Files</Filter>
    </ClInclude>
  </ItemGroup>
</Project>