
Microsoft Visual Studio Solution File, Format Version 12.00
# Visual Studio 15
VisualStudioVersion = 15.0.28307.1209
MinimumVisualStudioVersion = 10.0.40219.1
Project("{FAE04EC0-301F-11D3-BF4B-00C04F79EFBC}") = "BadBits.Engine", "BadBits.Engine\BadBits.Engine.csproj", "{F701800D-3730-4138-970A-CE157DEFBFDA}"
EndProject
Global
	GlobalSection(SolutionConfigurationPlatforms) = preSolution
		Debug|Any CPU = Debug|Any CPU
		Release|Any CPU = Release|Any CPU
	EndGlobalSection
	GlobalSection(ProjectConfigurationPlatforms) = postSolution
		{F701800D-3730-4138-970A-CE157DEFBFDA}.Debug|Any CPU.ActiveCfg = Debug|Any CPU
		{F701800D-3730-4138-970A-CE157DEFBFDA}.Debug|Any CPU.Build.0 = Debug|Any CPU
		{F701800D-3730-4138-970A-CE157DEFBFDA}.Release|Any CPU.ActiveCfg = Release|Any CPU
		{F701800D-3730-4138-970A-CE157DEFBFDA}.Release|Any CPU.Build.0 = Release|Any CPU
	EndGlobalSection
	GlobalSection(SolutionProperties) = preSolution
		HideSolutionNode = FALSE
	EndGlobalSection
	GlobalSection(ExtensibilityGlobals) = postSolution
		SolutionGuid = {663DF75A-DBE2-4F30-AD32-D77B93046018}
	EndGlobalSection
EndGlobal
